<?xml version="1.0" encoding="UTF-8" standalone="yes" ?>
<CodeBlocks_project_file>
	<FileVersion major="1" minor="6" />
	<Project>
		<Option title="Projeto Banco de Dados" />
		<Option pch_mode="2" />
		<Option compiler="gcc" />
		<Build>
			<Target title="Debug">
				<Option output="bin/Debug/Projeto Banco de Dados" prefix_auto="1" extension_auto="1" />
				<Option object_output="obj/Debug/" />
				<Option type="1" />
				<Option compiler="gcc" />
				<Compiler>
					<Add option="-g" />
				</Compiler>
			</Target>
			<Target title="Release">
				<Option output="bin/Release/Projeto Banco de Dados" prefix_auto="1" extension_auto="1" />
				<Option object_output="obj/Release/" />
				<Option type="1" />
				<Option compiler="gcc" />
				<Compiler>
					<Add option="-O2" />
				</Compiler>
				<Linker>
					<Add option="-s" />
				</Linker>
			</Target>
		</Build>
		<Compiler>
			<Add option="-Wall" />
		</Compiler>
		<Unit filename="Banco de Dados.c">
			<Option compilerVar="CC" />
		</Unit>
		<Unit filename="Funcoes_Validacao.c">
			<Option compilerVar="CC" />
		</Unit>
		<Unit filename="Funcoes_Validacao.h" />
		<Unit filename="Funcoes_ab.c">
			<Option compilerVar="CC" />
		</Unit>
		<Unit filename="Funcoes_ab.h" />
		<Unit filename="Funcoes_ld.c">
			<Option compilerVar="CC" />
		</Unit>
		<Unit filename="Funcoes_ld.h" />
		<Unit filename="Funcoes_ldl.c">
			<Option compilerVar="CC" />
		</Unit>
		<Unit filename="Funcoes_ldl.h" />
		<Unit filename="Funcoes_mn.c">
			<Option compilerVar="CC" />
		</Unit>
		<Unit filename="Funcoes_mn.h" />
		<Extensions>
			<code_completion />
			<envvars />
			<debugger />
			<lib_finder disable_auto="1" />
		</Extensions>
	</Project>
</CodeBlocks_project_file>
